# This file is autogenerated, do not edit; changes may be undone by the next 'dep ensure'.


[[projects]]
  digest = "1:a260e3a321516297992cbf3e4480032c159d1c9428b557844a7458fd30122b89"
  name = "github.com/soniakeys/multiset"
  packages = ["."]
  pruneopts = "UT"
  revision = "9594871622dcf5275dbec4c0d8c723df87c5ecb6"
  version = "v1.0.0"

[[projects]]
  digest = "1:4944bf1311d4e13847dc5b920bac39c5c7212ddc7a9a8dc18f0b5184c7faa2de"
  name = "gonum.org/v1/gonum"
  packages = [
    "blas",
    "blas/blas64",
    "blas/cblas128",
    "blas/gonum",
    "floats",
    "internal/asm/c128",
    "internal/asm/c64",
    "internal/asm/f32",
    "internal/asm/f64",
    "internal/cmplx64",
    "internal/math32",
    "lapack",
    "lapack/gonum",
    "lapack/lapack64",
    "mat"
  ]
  pruneopts = "UT"
  revision = "960a37950cca5ec8d1efe76ed4eec9dfe3065bd6"
  version = "v0.7.0"

[solve-meta]
  analyzer-name = "dep"
  analyzer-version = 1
  input-imports = [
    "github.com/soniakeys/multiset",
    "gonum.org/v1/gonum/mat"
  ]
  solver-name = "gps-cdcl"
  solver-version = 1
